Microsoft Visual Studio Solution File, Format Version 12.00
# Visual Studio Version 16
VisualStudioVersion = 16.0.32510.428
MinimumVisualStudioVersion = 10.0.40219.1
Project("{FAE04EC0-301F-11D3-BF4B-00C04F79EFBC}") = "Q109817", "Q109817.csproj", "{342A0D35-A07D-4710-BB78-372B311038D8}"
EndProject
Global
	GlobalSection(SolutionConfigurationPlatforms) = preSolution
		Debug|Any CPU = Debug|Any CPU
		Release|Any CPU = Release|Any CPU
	EndGlobalSection
	GlobalSection(ProjectConfigurationPlatforms) = postSolution
		{342A0D35-A07D-4710-BB78-372B311038D8}.Debug|Any CPU.ActiveCfg = Debug|Any CPU
		{342A0D35-A07D-4710-BB78-372B311038D8}.Debug|Any CPU.Build.0 = Debug|Any CPU
		{342A0D35-A07D-4710-BB78-372B311038D8}.Release|Any CPU.ActiveCfg = Release|Any CPU
		{342A0D35-A07D-4710-BB78-372B311038D8}.Release|Any CPU.Build.0 = Release|Any CPU
	EndGlobalSection
	GlobalSection(SolutionProperties) = preSolution
		HideSolutionNode = FALSE
	EndGlobalSection
	GlobalSection(ExtensibilityGlobals) = postSolution
		SolutionGuid = {B2255B28-A524-4445-8BA5-AD63D676EDB3}
	EndGlobalSection
EndGlobal
